// !$*UTF8*$!
{
	archiveVersion = 1;
	classes = {
	};
	objectVersion = 46;
	objects = {

/* Begin PBXBuildFile section */
		18409D031D41F01B009DA026 /* main.m in Sources */ = {isa = PBXBuildFile; fileRef = 18409D021D41F01B009DA026 /* main.m */; };
		18409D061D41F01B009DA026 /* AppDelegate.m in Sources */ = {isa = PBXBuildFile; fileRef = 18409D051D41F01B009DA026 /* AppDelegate.m */; };
		18409D091D41F01B009DA026 /* ViewController.m in Sources */ = {isa = PBXBuildFile; fileRef = 18409D081D41F01B009DA026 /* ViewController.m */; };
		18409D0C1D41F01B009DA026 /* Main.storyboard in Resources */ = {isa = PBXBuildFile; fileRef = 18409D0A1D41F01B009DA026 /* Main.storyboard */; };
		18409D0E1D41F01B009DA026 /* Assets.xcassets in Resources */ = {isa = PBXBuildFile; fileRef = 18409D0D1D41F01B009DA026 /* Assets.xcassets */; };
		18409D111D41F01B009DA026 /* LaunchScreen.storyboard in Resources */ = {isa = PBXBuildFile; fileRef = 18409D0F1D41F01B009DA026 /* LaunchScreen.storyboard */; };
		18409D1C1D41F01B009DA026 /* gitdemoTests.m in Sources */ = {isa = PBXBuildFile; fileRef = 18409D1B1D41F01B009DA026 /* gitdemoTests.m */; };
		18409D271D41F01B009DA026 /* gitdemoUITests.m in Sources */ = {isa = PBXBuildFile; fileRef = 18409D261D41F01B009DA026 /* gitdemoUITests.m */; };
/* End PBXBuildFile section */

/* Begin PBXContainerItemProxy section */
		18409D181D41F01B009DA026 /* PBXContainerItemProxy */ = {
			isa = PBXContainerItemProxy;
			containerPortal = 18409CF61D41F01B009DA026 /* Project object */;
			proxyType = 1;
			remoteGlobalIDString = 18409CFD1D41F01B009DA026;
			remoteInfo = gitdemo;
		};
		18409D231D41F01B009DA026 /* PBXContainerItemProxy */ = {
			isa = PBXContainerItemProxy;
			containerPortal = 18409CF61D41F01B009DA026 /* Project object */;
			proxyType = 1;
			remoteGlobalIDString = 18409CFD1D41F01B009DA026;
			remoteInfo = gitdemo;
		};
/* End PBXContainerItemProxy section */

/* Begin PBXFileReference section */
		18409CFE1D41F01B009DA026 /* gitdemo.app */ = {isa = PBXFileReference; explicitFileType = wrapper.application; includeInIndex = 0; path = gitdemo.app; sourceTree = BUILT_PRODUCTS_DIR; };
		18409D021D41F01B009DA026 /* main.m */ = {isa = PBXFileReference; lastKnownFileType = sourcecode.c.objc; path = main.m; sourceTree = "<group>"; };
		18409D041D41F01B009DA026 /* AppDelegate.h */ = {isa = PBXFileReference; lastKnownFileType = sourcecode.c.h; path = AppDelegate.h; sourceTree = "<group>"; };
		18409D051D41F01B009DA026 /* AppDelegate.m */ = {isa = PBXFileReference; lastKnownFileType = sourcecode.c.objc; path = AppDelegate.m; sourceTree = "<group>"; };
		18409D071D41F01B009DA026 /* ViewController.h */ = {isa = PBXFileReference; lastKnownFileType = sourcecode.c.h; path = ViewController.h; sourceTree = "<group>"; };
		18409D081D41F01B009DA026 /* ViewController.m */ = {isa = PBXFileReference; lastKnownFileType = sourcecode.c.objc; path = ViewController.m; sourceTree = "<group>"; };
		18409D0B1D41F01B009DA026 /* Base */ = {isa = PBXFileReference; lastKnownFileType = file.storyboard; name = Base; path = Base.lproj/Main.storyboard; sourceTree = "<group>"; };
		18409D0D1D41F01B009DA026 /* Assets.xcassets */ = {isa = PBXFileReference; lastKnownFileType = folder.assetcatalog; path = Assets.xcassets; sourceTree = "<group>"; };
		18409D101D41F01B009DA026 /* Base */ = {isa = PBXFileReference; lastKnownFileType = file.storyboard; name = Base; path = Base.lproj/LaunchScreen.storyboard; sourceTree = "<group>"; };
		18409D121D41F01B009DA026 /* Info.plist */ = {isa = PBXFileReference; lastKnownFileType = text.plist.xml; path = Info.plist; sourceTree = "<group>"; };
		18409D171D41F01B009DA026 /* gitdemoTests.xctest */ = {isa = PBXFileReference; explicitFileType = wrapper.cfbundle; includeInIndex = 0; path = gitdemoTests.xctest; sourceTree = BUILT_PRODUCTS_DIR; };
		18409D1B1D41F01B009DA026 /* gitdemoTests.m */ = {isa = PBXFileReference; lastKnownFileType = sourcecode.c.objc; path = gitdemoTests.m; sourceTree = "<group>"; };
		18409D1D1D41F01B009DA026 /* Info.plist */ = {isa = PBXFileReference; lastKnownFileType = text.plist.xml; path = Info.plist; sourceTree = "<group>"; };
		18409D221D41F01B009DA026 /* gitdemoUITests.xctest */ = {isa = PBXFileReference; explicitFileType = wrapper.cfbundle; includeInIndex = 0; path = gitdemoUITests.xctest; sourceTree = BUILT_PRODUCTS_DIR; };
		18409D261D41F01B009DA026 /* gitdemoUITests.m */ = {isa = PBXFileReference; lastKnownFileType = sourcecode.c.objc; path = gitdemoUITests.m; sourceTree = "<group>"; };
		18409D281D41F01B009DA026 /* Info.plist */ = {isa = PBXFileReference; lastKnownFileType = text.plist.xml; path = Info.plist; sourceTree = "<group>"; };
/* End PBXFileReference section */

/* Begin PBXFrameworksBuildPhase section */
		18409CFB1D41F01B009DA026 /* Frameworks */ = {
			isa = PBXFrameworksBuildPhase;
			buildActionMask = 2147483647;
			files = (
			);
			runOnlyForDeploymentPostprocessing = 0;
		};
		18409D141D41F01B009DA026 /* Frameworks */ = {
			isa = PBXFrameworksBuildPhase;
			buildActionMask = 2147483647;
			files = (
			);
			runOnlyForDeploymentPostprocessing = 0;
		};
		18409D1F1D41F01B009DA026 /* Frameworks */ = {
			isa = PBXFrameworksBuildPhase;
			buildActionMask = 2147483647;
			files = (
			);
			runOnlyForDeploymentPostprocessing = 0;
		};
/* End PBXFrameworksBuildPhase section */

/* Begin PBXGroup section */
		18409CF51D41F01B009DA026 = {
			isa = PBXGroup;
			children = (
				18409D001D41F01B009DA026 /* gitdemo */,
				18409D1A1D41F01B009DA026 /* gitdemoTests */,
				18409D251D41F01B009DA026 /* gitdemoUITests */,
				18409CFF1D41F01B009DA026 /* Products */,
			);
			sourceTree = "<group>";
		};
		18409CFF1D41F01B009DA026 /* Products */ = {
			isa = PBXGroup;
			children = (
				18409CFE1D41F01B009DA026 /* gitdemo.app */,
				18409D171D41F01B009DA026 /* gitdemoTests.xctest */,
				18409D221D41F01B009DA026 /* gitdemoUITests.xctest */,
			);
			name = Products;
			sourceTree = "<group>";
		};
		18409D001D41F01B009DA026 /* gitdemo */ = {
			isa = PBXGroup;
			children = (
				18409D041D41F01B009DA026 /* AppDelegate.h */,
				18409D051D41F01B009DA026 /* AppDelegate.m */,
				18409D071D41F01B009DA026 /* ViewController.h */,
				18409D081D41F01B009DA026 /* ViewController.m */,
				18409D0A1D41F01B009DA026 /* Main.storyboard */,
				18409D0D1D41F01B009DA026 /* Assets.xcassets */,
				18409D0F1D41F01B009DA026 /* LaunchScreen.storyboard */,
				18409D121D41F01B009DA026 /* Info.plist */,
				18409D011D41F01B009DA026 /* Supporting Files */,
			);
			path = gitdemo;
			sourceTree = "<group>";
		};
		18409D011D41F01B009DA026 /* Supporting Files */ = {
			isa = PBXGroup;
			children = (
				18409D021D41F01B009DA026 /* main.m */,
			);
			name = "Supporting Files";
			sourceTree = "<group>";
		};
		18409D1A1D41F01B009DA026 /* gitdemoTests */ = {
			isa = PBXGroup;
			children = (
				18409D1B1D41F01B009DA026 /* gitdemoTests.m */,
				18409D1D1D41F01B009DA026 /* Info.plist */,
			);
			path = gitdemoTests;
			sourceTree = "<group>";
		};
		18409D251D41F01B009DA026 /* gitdemoUITests */ = {
			isa = PBXGroup;
			children = (
				18409D261D41F01B009DA026 /* gitdemoUITests.m */,
				18409D281D41F01B009DA026 /* Info.plist */,
			);
			path = gitdemoUITests;
			sourceTree = "<group>";
		};
/* End PBXGroup section */

/* Begin PBXNativeTarget section */
		18409CFD1D41F01B009DA026 /* gitdemo */ = {
			isa = PBXNativeTarget;
			buildConfigurationList = 18409D2B1D41F01B009DA026 /* Build configuration list for PBXNativeTarget "gitdemo" */;
			buildPhases = (
				18409CFA1D41F01B009DA026 /* Sources */,
				18409CFB1D41F01B009DA026 /* Frameworks */,
				18409CFC1D41F01B009DA026 /* Resources */,
			);
			buildRules = (
			);
			dependencies = (
			);
			name = gitdemo;
			productName = gitdemo;
			productReference = 18409CFE1D41F01B009DA026 /* gitdemo.app */;
			productType = "com.apple.product-type.application";
		};
		18409D161D41F01B009DA026 /* gitdemoTests */ = {
			isa = PBXNativeTarget;
			buildConfigurationList = 18409D2E1D41F01B009DA026 /* Build configuration list for PBXNativeTarget "gitdemoTests" */;
			buildPhases = (
				18409D131D41F01B009DA026 /* Sources */,
				18409D141D41F01B009DA026 /* Frameworks */,
				18409D151D41F01B009DA026 /* Resources */,
			);
			buildRules = (
			);
			dependencies = (
				18409D191D41F01B009DA026 /* PBXTargetDependency */,
			);
			name = gitdemoTests;
			productName = gitdemoTests;
			productReference = 18409D171D41F01B009DA026 /* gitdemoTests.xctest */;
			productType = "com.apple.product-type.bundle.unit-test";
		};
		18409D211D41F01B009DA026 /* gitdemoUITests */ = {
			isa = PBXNativeTarget;
			buildConfigurationList = 18409D311D41F01B009DA026 /* Build configuration list for PBXNativeTarget "gitdemoUITests" */;
			buildPhases = (
				18409D1E1D41F01B009DA026 /* Sources */,
				18409D1F1D41F01B009DA026 /* Frameworks */,
				18409D201D41F01B009DA026 /* Resources */,
			);
			buildRules = (
			);
			dependencies = (
				18409D241D41F01B009DA026 /* PBXTargetDependency */,
			);
			name = gitdemoUITests;
			productName = gitdemoUITests;
			productReference = 18409D221D41F01B009DA026 /* gitdemoUITests.xctest */;
			productType = "com.apple.product-type.bundle.ui-testing";
		};
/* End PBXNativeTarget section */

/* Begin PBXProject section */
		18409CF61D41F01B009DA026 /* Project object */ = {
			isa = PBXProject;
			attributes = {
				LastUpgradeCheck = 0720;
				ORGANIZATIONNAME = allin;
				TargetAttributes = {
					18409CFD1D41F01B009DA026 = {
						CreatedOnToolsVersion = 7.2;
						DevelopmentTeam = B9NDXL74QG;
					};
					18409D161D41F01B009DA026 = {
						CreatedOnToolsVersion = 7.2;
						DevelopmentTeam = B9NDXL74QG;
						TestTargetID = 18409CFD1D41F01B009DA026;
					};
					18409D211D41F01B009DA026 = {
						CreatedOnToolsVersion = 7.2;
						DevelopmentTeam = B9NDXL74QG;
						TestTargetID = 18409CFD1D41F01B009DA026;
					};
				};
			};
			buildConfigurationList = 18409CF91D41F01B009DA026 /* Build configuration list for PBXProject "gitdemo" */;
			compatibilityVersion = "Xcode 3.2";
			developmentRegion = English;
			hasScannedForEncodings = 0;
			knownRegions = (
				en,
				Base,
			);
			mainGroup = 18409CF51D41F01B009DA026;
			productRefGroup = 18409CFF1D41F01B009DA026 /* Products */;
			projectDirPath = "";
			projectRoot = "";
			targets = (
				18409CFD1D41F01B009DA026 /* gitdemo */,
				18409D161D41F01B009DA026 /* gitdemoTests */,
				18409D211D41F01B009DA026 /* gitdemoUITests */,
			);
		};
/* End PBXProject section */

/* Begin PBXResourcesBuildPhase section */
		18409CFC1D41F01B009DA026 /* Resources */ = {
			isa = PBXResourcesBuildPhase;
			buildActionMask = 2147483647;
			files = (
				18409D111D41F01B009DA026 /* LaunchScreen.storyboard in Resources */,
				18409D0E1D41F01B009DA026 /* Assets.xcassets in Resources */,
				18409D0C1D41F01B009DA026 /* Main.storyboard in Resources */,
			);
			runOnlyForDeploymentPostprocessing = 0;
		};
		18409D151D41F01B009DA026 /* Resources */ = {
			isa = PBXResourcesBuildPhase;
			buildActionMask = 2147483647;
			files = (
			);
			runOnlyForDeploymentPostprocessing = 0;
		};
		18409D201D41F01B009DA026 /* Resources */ = {
			isa = PBXResourcesBuildPhase;
			buildActionMask = 2147483647;
			files = (
			);
			runOnlyForDeploymentPostprocessing = 0;
		};
/* End PBXResourcesBuildPhase section */

/* Begin PBXSourcesBuildPhase section */
		18409CFA1D41F01B009DA026 /* Sources */ = {
			isa = PBXSourcesBuildPhase;
			buildActionMask = 2147483647;
			files = (
				18409D091D41F01B009DA026 /* ViewController.m in Sources */,
				18409D061D41F01B009DA026 /* AppDelegate.m in Sources */,
				18409D031D41F01B009DA026 /* main.m in Sources */,
			);
			runOnlyForDeploymentPostprocessing = 0;
		};
		18409D131D41F01B009DA026 /* Sources */ = {
			isa = PBXSourcesBuildPhase;
			buildActionMask = 2147483647;
			files = (
				18409D1C1D41F01B009DA026 /* gitdemoTests.m in Sources */,
			);
			runOnlyForDeploymentPostprocessing = 0;
		};
		18409D1E1D41F01B009DA026 /* Sources */ = {
			isa = PBXSourcesBuildPhase;
			buildActionMask = 2147483647;
			files = (
				18409D271D41F01B009DA026 /* gitdemoUITests.m in Sources */,
			);
			runOnlyForDeploymentPostprocessing = 0;
		};
/* End PBXSourcesBuildPhase section */

/* Begin PBXTargetDependency section */
		18409D191D41F01B009DA026 /* PBXTargetDependency */ = {
			isa = PBXTargetDependency;
			target = 18409CFD1D41F01B009DA026 /* gitdemo */;
			targetProxy = 18409D181D41F01B009DA026 /* PBXContainerItemProxy */;
		};
		18409D241D41F01B009DA026 /* PBXTargetDependency */ = {
			isa = PBXTargetDependency;
			target = 18409CFD1D41F01B009DA026 /* gitdemo */;
			targetProxy = 18409D231D41F01B009DA026 /* PBXContainerItemProxy */;
		};
/* End PBXTargetDependency section */

/* Begin PBXVariantGroup section */
		18409D0A1D41F01B009DA026 /* Main.storyboard */ = {
			isa = PBXVariantGroup;
			children = (
				18409D0B1D41F01B009DA026 /* Base */,
			);
			name = Main.storyboard;
			sourceTree = "<group>";
		};
		18409D0F1D41F01B009DA026 /* LaunchScreen.storyboard */ = {
			isa = PBXVariantGroup;
			children = (
				18409D101D41F01B009DA026 /* Base */,
			);
			name = LaunchScreen.storyboard;
			sourceTree = "<group>";
		};
/* End PBXVariantGroup section */

/* Begin XCBuildConfiguration section */
		18409D291D41F01B009DA026 /* Debug */ = {
			isa = XCBuildConfiguration;
			buildSettings = {
				ALWAYS_SEARCH_USER_PATHS = NO;
				CLANG_CXX_LANGUAGE_STANDARD = "gnu++0x";
				CLANG_CXX_LIBRARY = "libc++";
				CLANG_ENABLE_MODULES = YES;
				CLANG_ENABLE_OBJC_ARC = YES;
				CLANG_WARN_BOOL_CONVERSION = YES;
				CLANG_WARN_CONSTANT_CONVERSION = YES;
				CLANG_WARN_DIRECT_OBJC_ISA_USAGE = YES_ERROR;
				CLANG_WARN_EMPTY_BODY = YES;
				CLANG_WARN_ENUM_CONVERSION = YES;
				CLANG_WARN_INT_CONVERSION = YES;
				CLANG_WARN_OBJC_ROOT_CLASS = YES_ERROR;
				CLANG_WARN_UNREACHABLE_CODE = YES;
				CLANG_WARN__DUPLICATE_METHOD_MATCH = YES;
				"CODE_SIGN_IDENTITY[sdk=iphoneos*]" = "iPhone Developer";
				COPY_PHASE_STRIP = NO;
				DEBUG_INFORMATION_FORMAT = dwarf;
				ENABLE_STRICT_OBJC_MSGSEND = YES;
				ENABLE_TESTABILITY = YES;
				GCC_C_LANGUAGE_STANDARD = gnu99;
				GCC_DYNAMIC_NO_PIC = NO;
				GCC_NO_COMMON_BLOCKS = YES;
				GCC_OPTIMIZATION_LEVEL = 0;
				GCC_PREPROCESSOR_DEFINITIONS = (
					"DEBUG=1",
					"$(inherited)",
				);
				GCC_WARN_64_TO_32_BIT_CONVERSION = YES;
				GCC_WARN_ABOUT_RETURN_TYPE = YES_ERROR;
				GCC_WARN_UNDECLARED_SELECTOR = YES;
				GCC_WARN_UNINITIALIZED_AUTOS = YES_AGGRESSIVE;
				GCC_WARN_UNUSED_FUNCTION = YES;
				GCC_WARN_UNUSED_VARIABLE = YES;
				IPHONEOS_DEPLOYMENT_TARGET = 9.2;
				MTL_ENABLE_DEBUG_INFO = YES;
				ONLY_ACTIVE_ARCH = YES;
				SDKROOT = iphoneos;
				TARGETED_DEVICE_FAMILY = "1,2";
			};
			name = Debug;
		};
		18409D2A1D41F01B009DA026 /* Release */ = {
			isa = XCBuildConfiguration;
			buildSettings = {
				ALWAYS_SEARCH_USER_PATHS = NO;
				CLANG_CXX_LANGUAGE_STANDARD = "gnu++0x";
				CLANG_CXX_LIBRARY = "libc++";
				CLANG_ENABLE_MODULES = YES;
				CLANG_ENABLE_OBJC_ARC = YES;
				CLANG_WARN_BOOL_CONVERSION = YES;
				CLANG_WARN_CONSTANT_CONVERSION = YES;
				CLANG_WARN_DIRECT_OBJC_ISA_USAGE = YES_ERROR;
				CLANG_WARN_EMPTY_BODY = YES;
				CLANG_WARN_ENUM_CONVERSION = YES;
				CLANG_WARN_INT_CONVERSION = YES;
				CLANG_WARN_OBJC_ROOT_CLASS = YES_ERROR;
				CLANG_WARN_UNREACHABLE_CODE = YES;
				CLANG_WARN__DUPLICATE_METHOD_MATCH = YES;
				"CODE_SIGN_IDENTITY[sdk=iphoneos*]" = "iPhone Developer";
				COPY_PHASE_STRIP = NO;
				DEBUG_INFORMATION_FORMAT = "dwarf-with-dsym";
				ENABLE_NS_ASSERTIONS = NO;
				ENABLE_STRICT_OBJC_MSGSEND = YES;
				GCC_C_LANGUAGE_STANDARD = gnu99;
				GCC_NO_COMMON_BLOCKS = YES;
				GCC_WARN_64_TO_32_BIT_CONVERSION = YES;
				GCC_WARN_ABOUT_RETURN_TYPE = YES_ERROR;
				GCC_WARN_UNDECLARED_SELECTOR = YES;
				GCC_WARN_UNINITIALIZED_AUTOS = YES_AGGRESSIVE;
				GCC_WARN_UNUSED_FUNCTION = YES;
				GCC_WARN_UNUSED_VARIABLE = YES;
				IPHONEOS_DEPLOYMENT_TARGET = 9.2;
				MTL_ENABLE_DEBUG_INFO = NO;
				SDKROOT = iphoneos;
				TARGETED_DEVICE_FAMILY = "1,2";
				VALIDATE_PRODUCT = YES;
			};
			name = Release;
		};
		18409D2C1D41F01B009DA026 /* Debug */ = {
			isa = XCBuildConfiguration;
			buildSettings = {
				ASSETCATALOG_COMPILER_APPICON_NAME = AppIcon;
				INFOPLIST_FILE = gitdemo/Info.plist;
				LD_RUNPATH_SEARCH_PATHS = "$(inherited) @executable_path/Frameworks";
				PRODUCT_BUNDLE_IDENTIFIER = zl.gitdemo;
				PRODUCT_NAME = "$(TARGET_NAME)";
			};
			name = Debug;
		};
		18409D2D1D41F01B009DA026 /* Release */ = {
			isa = XCBuildConfiguration;
			buildSettings = {
				ASSETCATALOG_COMPILER_APPICON_NAME = AppIcon;
				INFOPLIST_FILE = gitdemo/Info.plist;
				LD_RUNPATH_SEARCH_PATHS = "$(inherited) @executable_path/Frameworks";
				PRODUCT_BUNDLE_IDENTIFIER = zl.gitdemo;
				PRODUCT_NAME = "$(TARGET_NAME)";
			};
			name = Release;
		};
		18409D2F1D41F01B009DA026 /* Debug */ = {
			isa = XCBuildConfiguration;
			buildSettings = {
				BUNDLE_LOADER = "$(TEST_HOST)";
				INFOPLIST_FILE = gitdemoTests/Info.plist;
				LD_RUNPATH_SEARCH_PATHS = "$(inherited) @executable_path/Frameworks @loader_path/Frameworks";
				PRODUCT_BUNDLE_IDENTIFIER = zl.gitdemoTests;
				PRODUCT_NAME = "$(TARGET_NAME)";
				TEST_HOST = "$(BUILT_PRODUCTS_DIR)/gitdemo.app/gitdemo";
			};
			name = Debug;
		};
		18409D301D41F01B009DA026 /* Release */ = {
			isa = XCBuildConfiguration;
			buildSettings = {
				BUNDLE_LOADER = "$(TEST_HOST)";
				INFOPLIST_FILE = gitdemoTests/Info.plist;
				LD_RUNPATH_SEARCH_PATHS = "$(inherited) @executable_path/Frameworks @loader_path/Frameworks";
				PRODUCT_BUNDLE_IDENTIFIER = zl.gitdemoTests;
				PRODUCT_NAME = "$(TARGET_NAME)";
				TEST_HOST = "$(BUILT_PRODUCTS_DIR)/gitdemo.app/gitdemo";
			};
			name = Release;
		};
		18409D321D41F01B009DA026 /* Debug */ = {
			isa = XCBuildConfiguration;
			buildSettings = {
				INFOPLIST_FILE = gitdemoUITests/Info.plist;
				LD_RUNPATH_SEARCH_PATHS = "$(inherited) @executable_path/Frameworks @loader_path/Frameworks";
				PRODUCT_BUNDLE_IDENTIFIER = zl.gitdemoUITests;
				PRODUCT_NAME = "$(TARGET_NAME)";
				TEST_TARGET_NAME = gitdemo;
				USES_XCTRUNNER = YES;
			};
			name = Debug;
		};
		18409D331D41F01B009DA026 /* Release */ = {
			isa = XCBuildConfiguration;
			buildSettings = {
				INFOPLIST_FILE = gitdemoUITests/Info.plist;
				LD_RUNPATH_SEARCH_PATHS = "$(inherited) @executable_path/Frameworks @loader_path/Frameworks";
				PRODUCT_BUNDLE_IDENTIFIER = zl.gitdemoUITests;
				PRODUCT_NAME = "$(TARGET_NAME)";
				TEST_TARGET_NAME = gitdemo;
				USES_XCTRUNNER = YES;
			};
			name = Release;
		};
/* End XCBuildConfiguration section */

/* Begin XCConfigurationList section */
		18409CF91D41F01B009DA026 /* Build configuration list for PBXProject "gitdemo" */ = {
			isa = XCConfigurationList;
			buildConfigurations = (
				18409D291D41F01B009DA026 /* Debug */,
				18409D2A1D41F01B009DA026 /* Release */,
			);
			defaultConfigurationIsVisible = 0;
			defaultConfigurationName = Release;
		};
		18409D2B1D41F01B009DA026 /* Build configuration list for PBXNativeTarget "gitdemo" */ = {
			isa = XCConfigurationList;
			buildConfigurations = (
				18409D2C1D41F01B009DA026 /* Debug */,
				18409D2D1D41F01B009DA026 /* Release */,
			);
			defaultConfigurationIsVisible = 0;
		};
		18409D2E1D41F01B009DA026 /* Build configuration list for PBXNativeTarget "gitdemoTests" */ = {
			isa = XCConfigurationList;
			buildConfigurations = (
				18409D2F1D41F01B009DA026 /* Debug */,
				18409D301D41F01B009DA026 /* Release */,
			);
			defaultConfigurationIsVisible = 0;
		};
		18409D311D41F01B009DA026 /* Build configuration list for PBXNativeTarget "gitdemoUITests" */ = {
			isa = XCConfigurationList;
			buildConfigurations = (
				18409D321D41F01B009DA026 /* Debug */,
				18409D331D41F01B009DA026 /* Release */,
			);
			defaultConfigurationIsVisible = 0;
		};
/* End XCConfigurationList section */
	};
	rootObject = 18409CF61D41F01B009DA026 /* Project object */;
}
